
Microsoft Visual Studio Solution File, Format Version 12.00
# Visual Studio Version 17
VisualStudioVersion = 17.11.35312.102
MinimumVisualStudioVersion = 10.0.40219.1
Project("{FAE04EC0-301F-11D3-BF4B-00C04F79EFBC}") = "child13_API", "child13_API.csproj", "{FC834408-2989-4D21-B91A-A8636C77FD81}"
EndProject
Global
	GlobalSection(SolutionConfigurationPlatforms) = preSolution
		Debug|Any CPU = Debug|Any CPU
		Release|Any CPU = Release|Any CPU
	EndGlobalSection
	GlobalSection(ProjectConfigurationPlatforms) = postSolution
		{FC834408-2989-4D21-B91A-A8636C77FD81}.Debug|Any CPU.ActiveCfg = Debug|Any CPU
		{FC834408-2989-4D21-B91A-A8636C77FD81}.Debug|Any CPU.Build.0 = Debug|Any CPU
		{FC834408-2989-4D21-B91A-A8636C77FD81}.Release|Any CPU.ActiveCfg = Release|Any CPU
		{FC834408-2989-4D21-B91A-A8636C77FD81}.Release|Any CPU.Build.0 = Release|Any CPU
	EndGlobalSection
	GlobalSection(SolutionProperties) = preSolution
		HideSolutionNode = FALSE
	EndGlobalSection
	GlobalSection(ExtensibilityGlobals) = postSolution
		SolutionGuid = {EA8FA80B-7FEF-4418-A450-44357D599F3D}
	EndGlobalSection
EndGlobal
